// !$*UTF8*$!
{
	archiveVersion = 1;
	classes = {
	};
	objectVersion = 51;
	objects = {

/* Begin PBXBuildFile section */
		5C0F35878AFF3760D6593EF9 /* Pods_ios_demo.framework in Frameworks */ = {isa = PBXBuildFile; fileRef = 0C4D35E7941381D59E194CAC /* Pods_ios_demo.framework */; };
		D629814724BDAE1500966B8B /* AppDelegate.m in Sources */ = {isa = PBXBuildFile; fileRef = D629814624BDAE1500966B8B /* AppDelegate.m */; };
		D629814A24BDAE1500966B8B /* SceneDelegate.m in Sources */ = {isa = PBXBuildFile; fileRef = D629814924BDAE1500966B8B /* SceneDelegate.m */; };
		D629814D24BDAE1500966B8B /* ViewController.m in Sources */ = {isa = PBXBuildFile; fileRef = D629814C24BDAE1500966B8B /* ViewController.m */; };
		D629815024BDAE1500966B8B /* Main.storyboard in Resources */ = {isa = PBXBuildFile; fileRef = D629814E24BDAE1500966B8B /* Main.storyboard */; };
		D629815224BDAE1700966B8B /* Assets.xcassets in Resources */ = {isa = PBXBuildFile; fileRef = D629815124BDAE1700966B8B /* Assets.xcassets */; };
		D629815524BDAE1700966B8B /* LaunchScreen.storyboard in Resources */ = {isa = PBXBuildFile; fileRef = D629815324BDAE1700966B8B /* LaunchScreen.storyboard */; };
		D629815824BDAE1700966B8B /* main.m in Sources */ = {isa = PBXBuildFile; fileRef = D629815724BDAE1700966B8B /* main.m */; };
/* End PBXBuildFile section */

/* Begin PBXFileReference section */
		0C4D35E7941381D59E194CAC /* Pods_ios_demo.framework */ = {isa = PBXFileReference; explicitFileType = wrapper.framework; includeInIndex = 0; path = Pods_ios_demo.framework; sourceTree = BUILT_PRODUCTS_DIR; };
		D629814224BDAE1500966B8B /* ios-demo.app */ = {isa = PBXFileReference; explicitFileType = wrapper.application; includeInIndex = 0; path = "ios-demo.app"; sourceTree = BUILT_PRODUCTS_DIR; };
		D629814524BDAE1500966B8B /* AppDelegate.h */ = {isa = PBXFileReference; lastKnownFileType = sourcecode.c.h; path = AppDelegate.h; sourceTree = "<group>"; };
		D629814624BDAE1500966B8B /* AppDelegate.m */ = {isa = PBXFileReference; lastKnownFileType = sourcecode.c.objc; path = AppDelegate.m; sourceTree = "<group>"; };
		D629814824BDAE1500966B8B /* SceneDelegate.h */ = {isa = PBXFileReference; lastKnownFileType = sourcecode.c.h; path = SceneDelegate.h; sourceTree = "<group>"; };
		D629814924BDAE1500966B8B /* SceneDelegate.m */ = {isa = PBXFileReference; lastKnownFileType = sourcecode.c.objc; path = SceneDelegate.m; sourceTree = "<group>"; };
		D629814B24BDAE1500966B8B /* ViewController.h */ = {isa = PBXFileReference; lastKnownFileType = sourcecode.c.h; path = ViewController.h; sourceTree = "<group>"; };
		D629814C24BDAE1500966B8B /* ViewController.m */ = {isa = PBXFileReference; lastKnownFileType = sourcecode.c.objc; path = ViewController.m; sourceTree = "<group>"; };
		D629814F24BDAE1500966B8B /* Base */ = {isa = PBXFileReference; lastKnownFileType = file.storyboard; name = Base; path = Base.lproj/Main.storyboard; sourceTree = "<group>"; };
		D629815124BDAE1700966B8B /* Assets.xcassets */ = {isa = PBXFileReference; lastKnownFileType = folder.assetcatalog; path = Assets.xcassets; sourceTree = "<group>"; };
		D629815424BDAE1700966B8B /* Base */ = {isa = PBXFileReference; lastKnownFileType = file.storyboard; name = Base; path = Base.lproj/LaunchScreen.storyboard; sourceTree = "<group>"; };
		D629815624BDAE1700966B8B /* Info.plist */ = {isa = PBXFileReference; lastKnownFileType = text.plist.xml; path = Info.plist; sourceTree = "<group>"; };
		D629815724BDAE1700966B8B /* main.m */ = {isa = PBXFileReference; lastKnownFileType = sourcecode.c.objc; path = main.m; sourceTree = "<group>"; };
		DDCE1B3CE77CDB04F15A81FC /* Pods-ios-demo.release.xcconfig */ = {isa = PBXFileReference; includeInIndex = 1; lastKnownFileType = text.xcconfig; name = "Pods-ios-demo.release.xcconfig"; path = "Target Support Files/Pods-ios-demo/Pods-ios-demo.release.xcconfig"; sourceTree = "<group>"; };
		E765B60AD7A9270B757E467E /* Pods-ios-demo.debug.xcconfig */ = {isa = PBXFileReference; includeInIndex = 1; lastKnownFileType = text.xcconfig; name = "Pods-ios-demo.debug.xcconfig"; path = "Target Support Files/Pods-ios-demo/Pods-ios-demo.debug.xcconfig"; sourceTree = "<group>"; };
/* End PBXFileReference section */

/* Begin PBXFrameworksBuildPhase section */
		D629813F24BDAE1500966B8B /* Frameworks */ = {
			isa = PBXFrameworksBuildPhase;
			buildActionMask = 2147483647;
			files = (
				5C0F35878AFF3760D6593EF9 /* Pods_ios_demo.framework in Frameworks */,
			);
			runOnlyForDeploymentPostprocessing = 0;
		};
/* End PBXFrameworksBuildPhase section */

/* Begin PBXGroup section */
		6E3557496D7C9D99D37EE107 /* Pods */ = {
			isa = PBXGroup;
			children = (
				E765B60AD7A9270B757E467E /* Pods-ios-demo.debug.xcconfig */,
				DDCE1B3CE77CDB04F15A81FC /* Pods-ios-demo.release.xcconfig */,
			);
			path = Pods;
			sourceTree = "<group>";
		};
		D629813924BDAE1500966B8B = {
			isa = PBXGroup;
			children = (
				D629814424BDAE1500966B8B /* ios-demo */,
				D629814324BDAE1500966B8B /* Products */,
				6E3557496D7C9D99D37EE107 /* Pods */,
				EF30C25687D3ED9EDA2C7F2C /* Frameworks */,
			);
			sourceTree = "<group>";
		};
		D629814324BDAE1500966B8B /* Products */ = {
			isa = PBXGroup;
			children = (
				D629814224BDAE1500966B8B /* ios-demo.app */,
			);
			name = Products;
			sourceTree = "<group>";
		};
		D629814424BDAE1500966B8B /* ios-demo */ = {
			isa = PBXGroup;
			children = (
				D629814524BDAE1500966B8B /* AppDelegate.h */,
				D629814624BDAE1500966B8B /* AppDelegate.m */,
				D629814824BDAE1500966B8B /* SceneDelegate.h */,
				D629814924BDAE1500966B8B /* SceneDelegate.m */,
				D629814B24BDAE1500966B8B /* ViewController.h */,
				D629814C24BDAE1500966B8B /* ViewController.m */,
				D629814E24BDAE1500966B8B /* Main.storyboard */,
				D629815124BDAE1700966B8B /* Assets.xcassets */,
				D629815324BDAE1700966B8B /* LaunchScreen.storyboard */,
				D629815624BDAE1700966B8B /* Info.plist */,
				D629815724BDAE1700966B8B /* main.m */,
			);
			path = "ios-demo";
			sourceTree = "<group>";
		};
		EF30C25687D3ED9EDA2C7F2C /* Frameworks */ = {
			isa = PBXGroup;
			children = (
				0C4D35E7941381D59E194CAC /* Pods_ios_demo.framework */,
			);
			name = Frameworks;
			sourceTree = "<group>";
		};
/* End PBXGroup section */

/* Begin PBXNativeTarget section */
		D629814124BDAE1500966B8B /* ios-demo */ = {
			isa = PBXNativeTarget;
			buildConfigurationList = D629815B24BDAE1700966B8B /* Build configuration list for PBXNativeTarget "ios-demo" */;
			buildPhases = (
				6DD3BE25BF85E7084557ACE6 /* [CP] Check Pods Manifest.lock */,
				D629813E24BDAE1500966B8B /* Sources */,
				D629813F24BDAE1500966B8B /* Frameworks */,
				D629814024BDAE1500966B8B /* Resources */,
				8BAF547004BD373548796FE5 /* [CP] Embed Pods Frameworks */,
			);
			buildRules = (
			);
			dependencies = (
			);
			name = "ios-demo";
			productName = "ios-demo";
			productReference = D629814224BDAE1500966B8B /* ios-demo.app */;
			productType = "com.apple.product-type.application";
		};
/* End PBXNativeTarget section */

/* Begin PBXProject section */
		D629813A24BDAE1500966B8B /* Project object */ = {
			isa = PBXProject;
			attributes = {
				LastUpgradeCheck = 1150;
				ORGANIZATIONNAME = "Takashi Kamitsubo";
				TargetAttributes = {
					D629814124BDAE1500966B8B = {
						CreatedOnToolsVersion = 11.5;
					};
				};
			};
			buildConfigurationList = D629813D24BDAE1500966B8B /* Build configuration list for PBXProject "ios-demo" */;
			compatibilityVersion = "Xcode 9.3";
			developmentRegion = en;
			hasScannedForEncodings = 0;
			knownRegions = (
				en,
				Base,
			);
			mainGroup = D629813924BDAE1500966B8B;
			productRefGroup = D629814324BDAE1500966B8B /* Products */;
			projectDirPath = "";
			projectRoot = "";
			targets = (
				D629814124BDAE1500966B8B /* ios-demo */,
			);
		};
/* End PBXProject section */

/* Begin PBXResourcesBuildPhase section */
		D629814024BDAE1500966B8B /* Resources */ = {
			isa = PBXResourcesBuildPhase;
			buildActionMask = 2147483647;
			files = (
				D629815524BDAE1700966B8B /* LaunchScreen.storyboard in Resources */,
				D629815224BDAE1700966B8B /* Assets.xcassets in Resources */,
				D629815024BDAE1500966B8B /* Main.storyboard in Resources */,
			);
			runOnlyForDeploymentPostprocessing = 0;
		};
/* End PBXResourcesBuildPhase section */

/* Begin PBXShellScriptBuildPhase section */
		6DD3BE25BF85E7084557ACE6 /* [CP] Check Pods Manifest.lock */ = {
			isa = PBXShellScriptBuildPhase;
			buildActionMask = 2147483647;
			files = (
			);
			inputFileListPaths = (
			);
			inputPaths = (
				"${PODS_PODFILE_DIR_PATH}/Podfile.lock",
				"${PODS_ROOT}/Manifest.lock",
			);
			name = "[CP] Check Pods Manifest.lock";
			outputFileListPaths = (
			);
			outputPaths = (
				"$(DERIVED_FILE_DIR)/Pods-ios-demo-checkManifestLockResult.txt",
			);
			runOnlyForDeploymentPostprocessing = 0;
			shellPath = /bin/sh;
			shellScript = "diff \"${PODS_PODFILE_DIR_PATH}/Podfile.lock\" \"${PODS_ROOT}/Manifest.lock\" > /dev/null\nif [ $? != 0 ] ; then\n    # print error to STDERR\n    echo \"error: The sandbox is not in sync with the Podfile.lock. Run 'pod install' or update your CocoaPods installation.\" >&2\n    exit 1\nfi\n# This output is used by Xcode 'outputs' to avoid re-running this script phase.\necho \"SUCCESS\" > \"${SCRIPT_OUTPUT_FILE_0}\"\n";
			showEnvVarsInLog = 0;
		};
		8BAF547004BD373548796FE5 /* [CP] Embed Pods Frameworks */ = {
			isa = PBXShellScriptBuildPhase;
			buildActionMask = 2147483647;
			files = (
			);
			inputFileListPaths = (
				"${PODS_ROOT}/Target Support Files/Pods-ios-demo/Pods-ios-demo-frameworks-${CONFIGURATION}-input-files.xcfilelist",
			);
			name = "[CP] Embed Pods Frameworks";
			outputFileListPaths = (
				"${PODS_ROOT}/Target Support Files/Pods-ios-demo/Pods-ios-demo-frameworks-${CONFIGURATION}-output-files.xcfilelist",
			);
			runOnlyForDeploymentPostprocessing = 0;
			shellPath = /bin/sh;
			shellScript = "\"${PODS_ROOT}/Target Support Files/Pods-ios-demo/Pods-ios-demo-frameworks.sh\"\n";
			showEnvVarsInLog = 0;
		};
/* End PBXShellScriptBuildPhase section */

/* Begin PBXSourcesBuildPhase section */
		D629813E24BDAE1500966B8B /* Sources */ = {
			isa = PBXSourcesBuildPhase;
			buildActionMask = 2147483647;
			files = (
				D629814D24BDAE1500966B8B /* ViewController.m in Sources */,
				D629814724BDAE1500966B8B /* AppDelegate.m in Sources */,
				D629815824BDAE1700966B8B /* main.m in Sources */,
				D629814A24BDAE1500966B8B /* SceneDelegate.m in Sources */,
			);
			runOnlyForDeploymentPostprocessing = 0;
		};
/* End PBXSourcesBuildPhase section */

/* Begin PBXVariantGroup section */
		D629814E24BDAE1500966B8B /* Main.storyboard */ = {
			isa = PBXVariantGroup;
			children = (
				D629814F24BDAE1500966B8B /* Base */,
			);
			name = Main.storyboard;
			sourceTree = "<group>";
		};
		D629815324BDAE1700966B8B /* LaunchScreen.storyboard */ = {
			isa = PBXVariantGroup;
			children = (
				D629815424BDAE1700966B8B /* Base */,
			);
			name = LaunchScreen.storyboard;
			sourceTree = "<group>";
		};
/* End PBXVariantGroup section */

/* Begin XCBuildConfiguration section */
		D629815924BDAE1700966B8B /* Debug */ = {
			isa = XCBuildConfiguration;
			buildSettings = {
				ALWAYS_SEARCH_USER_PATHS = NO;
				CLANG_ANALYZER_NONNULL = YES;
				CLANG_ANALYZER_NUMBER_OBJECT_CONVERSION = YES_AGGRESSIVE;
				CLANG_CXX_LANGUAGE_STANDARD = "gnu++14";
				CLANG_CXX_LIBRARY = "libc++";
				CLANG_ENABLE_MODULES = YES;
				CLANG_ENABLE_OBJC_ARC = YES;
				CLANG_ENABLE_OBJC_WEAK = YES;
				CLANG_WARN_BLOCK_CAPTURE_AUTORELEASING = YES;
				CLANG_WARN_BOOL_CONVERSION = YES;
				CLANG_WARN_COMMA = YES;
				CLANG_WARN_CONSTANT_CONVERSION = YES;
				CLANG_WARN_DEPRECATED_OBJC_IMPLEMENTATIONS = YES;
				CLANG_WARN_DIRECT_OBJC_ISA_USAGE = YES_ERROR;
				CLANG_WARN_DOCUMENTATION_COMMENTS = YES;
				CLANG_WARN_EMPTY_BODY = YES;
				CLANG_WARN_ENUM_CONVERSION = YES;
				CLANG_WARN_INFINITE_RECURSION = YES;
				CLANG_WARN_INT_CONVERSION = YES;
				CLANG_WARN_NON_LITERAL_NULL_CONVERSION = YES;
				CLANG_WARN_OBJC_IMPLICIT_RETAIN_SELF = YES;
				CLANG_WARN_OBJC_LITERAL_CONVERSION = YES;
				CLANG_WARN_OBJC_ROOT_CLASS = YES_ERROR;
				CLANG_WARN_RANGE_LOOP_ANALYSIS = YES;
				CLANG_WARN_STRICT_PROTOTYPES = YES;
				CLANG_WARN_SUSPICIOUS_MOVE = YES;
				CLANG_WARN_UNGUARDED_AVAILABILITY = YES_AGGRESSIVE;
				CLANG_WARN_UNREACHABLE_CODE = YES;
				CLANG_WARN__DUPLICATE_METHOD_MATCH = YES;
				COPY_PHASE_STRIP = NO;
				DEBUG_INFORMATION_FORMAT = dwarf;
				ENABLE_STRICT_OBJC_MSGSEND = YES;
				ENABLE_TESTABILITY = YES;
				GCC_C_LANGUAGE_STANDARD = gnu11;
				GCC_DYNAMIC_NO_PIC = NO;
				GCC_NO_COMMON_BLOCKS = YES;
				GCC_OPTIMIZATION_LEVEL = 0;
				GCC_PREPROCESSOR_DEFINITIONS = (
					"DEBUG=1",
					"$(inherited)",
				);
				GCC_WARN_64_TO_32_BIT_CONVERSION = YES;
				GCC_WARN_ABOUT_RETURN_TYPE = YES_ERROR;
				GCC_WARN_UNDECLARED_SELECTOR = YES;
				GCC_WARN_UNINITIALIZED_AUTOS = YES_AGGRESSIVE;
				GCC_WARN_UNUSED_FUNCTION = YES;
				GCC_WARN_UNUSED_VARIABLE = YES;
				IPHONEOS_DEPLOYMENT_TARGET = 13.5;
				MTL_ENABLE_DEBUG_INFO = INCLUDE_SOURCE;
				MTL_FAST_MATH = YES;
				ONLY_ACTIVE_ARCH = YES;
				SDKROOT = iphoneos;
			};
			name = Debug;
		};
		D629815A24BDAE1700966B8B /* Release */ = {
			isa = XCBuildConfiguration;
			buildSettings = {
				ALWAYS_SEARCH_USER_PATHS = NO;
				CLANG_ANALYZER_NONNULL = YES;
				CLANG_ANALYZER_NUMBER_OBJECT_CONVERSION = YES_AGGRESSIVE;
				CLANG_CXX_LANGUAGE_STANDARD = "gnu++14";
				CLANG_CXX_LIBRARY = "libc++";
				CLANG_ENABLE_MODULES = YES;
				CLANG_ENABLE_OBJC_ARC = YES;
				CLANG_ENABLE_OBJC_WEAK = YES;
				CLANG_WARN_BLOCK_CAPTURE_AUTORELEASING = YES;
				CLANG_WARN_BOOL_CONVERSION = YES;
				CLANG_WARN_COMMA = YES;
				CLANG_WARN_CONSTANT_CONVERSION = YES;
				CLANG_WARN_DEPRECATED_OBJC_IMPLEMENTATIONS = YES;
				CLANG_WARN_DIRECT_OBJC_ISA_USAGE = YES_ERROR;
				CLANG_WARN_DOCUMENTATION_COMMENTS = YES;
				CLANG_WARN_EMPTY_BODY = YES;
				CLANG_WARN_ENUM_CONVERSION = YES;
				CLANG_WARN_INFINITE_RECURSION = YES;
				CLANG_WARN_INT_CONVERSION = YES;
				CLANG_WARN_NON_LITERAL_NULL_CONVERSION = YES;
				CLANG_WARN_OBJC_IMPLICIT_RETAIN_SELF = YES;
				CLANG_WARN_OBJC_LITERAL_CONVERSION = YES;
				CLANG_WARN_OBJC_ROOT_CLASS = YES_ERROR;
				CLANG_WARN_RANGE_LOOP_ANALYSIS = YES;
				CLANG_WARN_STRICT_PROTOTYPES = YES;
				CLANG_WARN_SUSPICIOUS_MOVE = YES;
				CLANG_WARN_UNGUARDED_AVAILABILITY = YES_AGGRESSIVE;
				CLANG_WARN_UNREACHABLE_CODE = YES;
				CLANG_WARN__DUPLICATE_METHOD_MATCH = YES;
				COPY_PHASE_STRIP = NO;
				DEBUG_INFORMATION_FORMAT = "dwarf-with-dsym";
				ENABLE_NS_ASSERTIONS = NO;
				ENABLE_STRICT_OBJC_MSGSEND = YES;
				GCC_C_LANGUAGE_STANDARD = gnu11;
				GCC_NO_COMMON_BLOCKS = YES;
				GCC_WARN_64_TO_32_BIT_CONVERSION = YES;
				GCC_WARN_ABOUT_RETURN_TYPE = YES_ERROR;
				GCC_WARN_UNDECLARED_SELECTOR = YES;
				GCC_WARN_UNINITIALIZED_AUTOS = YES_AGGRESSIVE;
				GCC_WARN_UNUSED_FUNCTION = YES;
				GCC_WARN_UNUSED_VARIABLE = YES;
				IPHONEOS_DEPLOYMENT_TARGET = 13.5;
				MTL_ENABLE_DEBUG_INFO = NO;
				MTL_FAST_MATH = YES;
				SDKROOT = iphoneos;
				VALIDATE_PRODUCT = YES;
			};
			name = Release;
		};
		D629815C24BDAE1700966B8B /* Debug */ = {
			isa = XCBuildConfiguration;
			baseConfigurationReference = E765B60AD7A9270B757E467E /* Pods-ios-demo.debug.xcconfig */;
			buildSettings = {
				ASSETCATALOG_COMPILER_APPICON_NAME = AppIcon;
				CODE_SIGN_STYLE = Automatic;
				INFOPLIST_FILE = "ios-demo/Info.plist";
				LD_RUNPATH_SEARCH_PATHS = (
					"$(inherited)",
					"@executable_path/Frameworks",
				);
				PRODUCT_BUNDLE_IDENTIFIER = "com.akamai.aic.demo.ios-demo";
				PRODUCT_NAME = "$(TARGET_NAME)";
				TARGETED_DEVICE_FAMILY = "1,2";
			};
			name = Debug;
		};
		D629815D24BDAE1700966B8B /* Release */ = {
			isa = XCBuildConfiguration;
			baseConfigurationReference = DDCE1B3CE77CDB04F15A81FC /* Pods-ios-demo.release.xcconfig */;
			buildSettings = {
				ASSETCATALOG_COMPILER_APPICON_NAME = AppIcon;
				CODE_SIGN_STYLE = Automatic;
				INFOPLIST_FILE = "ios-demo/Info.plist";
				LD_RUNPATH_SEARCH_PATHS = (
					"$(inherited)",
					"@executable_path/Frameworks",
				);
				PRODUCT_BUNDLE_IDENTIFIER = "com.akamai.aic.demo.ios-demo";
				PRODUCT_NAME = "$(TARGET_NAME)";
				TARGETED_DEVICE_FAMILY = "1,2";
			};
			name = Release;
		};
/* End XCBuildConfiguration section */

/* Begin XCConfigurationList section */
		D629813D24BDAE1500966B8B /* Build configuration list for PBXProject "ios-demo" */ = {
			isa = XCConfigurationList;
			buildConfigurations = (
				D629815924BDAE1700966B8B /* Debug */,
				D629815A24BDAE1700966B8B /* Release */,
			);
			defaultConfigurationIsVisible = 0;
			defaultConfigurationName = Release;
		};
		D629815B24BDAE1700966B8B /* Build configuration list for PBXNativeTarget "ios-demo" */ = {
			isa = XCConfigurationList;
			buildConfigurations = (
				D629815C24BDAE1700966B8B /* Debug */,
				D629815D24BDAE1700966B8B /* Release */,
			);
			defaultConfigurationIsVisible = 0;
			defaultConfigurationName = Release;
		};
/* End XCConfigurationList section */
	};
	rootObject = D629813A24BDAE1500966B8B /* Project object */;
}
